// !$*UTF8*$!
{
	archiveVersion = 1;
	classes = {
	};
	objectVersion = 46;
	objects = {

/* Begin PBXBuildFile section */
		22D217301BE9B31D009451A5 /* BullsEye.html in Resources */ = {isa = PBXBuildFile; fileRef = 22D2172F1BE9B31D009451A5 /* BullsEye.html */; };
		22D217331BEA088A009451A5 /* Default-568h@2x.png in Resources */ = {isa = PBXBuildFile; fileRef = 22D217311BEA088A009451A5 /* Default-568h@2x.png */; };
		22D217341BEA088A009451A5 /* Default@2x.png in Resources */ = {isa = PBXBuildFile; fileRef = 22D217321BEA088A009451A5 /* Default@2x.png */; };
		60519DD71BDE5979002A4942 /* AboutViewController.swift in Sources */ = {isa = PBXBuildFile; fileRef = 60519DD61BDE5979002A4942 /* AboutViewController.swift */; };
		607752441BD28E4200C62204 /* AppDelegate.swift in Sources */ = {isa = PBXBuildFile; fileRef = 607752431BD28E4200C62204 /* AppDelegate.swift */; };
		607752461BD28E4200C62204 /* ViewController.swift in Sources */ = {isa = PBXBuildFile; fileRef = 607752451BD28E4200C62204 /* ViewController.swift */; };
		607752491BD28E4200C62204 /* Main.storyboard in Resources */ = {isa = PBXBuildFile; fileRef = 607752471BD28E4200C62204 /* Main.storyboard */; };
		6077524B1BD28E4300C62204 /* Assets.xcassets in Resources */ = {isa = PBXBuildFile; fileRef = 6077524A1BD28E4300C62204 /* Assets.xcassets */; };
/* End PBXBuildFile section */

/* Begin PBXFileReference section */
		22D2172F1BE9B31D009451A5 /* BullsEye.html */ = {isa = PBXFileReference; fileEncoding = 4; lastKnownFileType = text.html; path = BullsEye.html; sourceTree = "<group>"; };
		22D217311BEA088A009451A5 /* Default-568h@2x.png */ = {isa = PBXFileReference; lastKnownFileType = image.png; path = "Default-568h@2x.png"; sourceTree = "<group>"; };
		22D217321BEA088A009451A5 /* Default@2x.png */ = {isa = PBXFileReference; lastKnownFileType = image.png; path = "Default@2x.png"; sourceTree = "<group>"; };
		60519DD61BDE5979002A4942 /* AboutViewController.swift */ = {isa = PBXFileReference; fileEncoding = 4; lastKnownFileType = sourcecode.swift; path = AboutViewController.swift; sourceTree = "<group>"; };
		607752401BD28E4000C62204 /* BullsEye.app */ = {isa = PBXFileReference; explicitFileType = wrapper.application; includeInIndex = 0; path = BullsEye.app; sourceTree = BUILT_PRODUCTS_DIR; };
		607752431BD28E4200C62204 /* AppDelegate.swift */ = {isa = PBXFileReference; lastKnownFileType = sourcecode.swift; path = AppDelegate.swift; sourceTree = "<group>"; };
		607752451BD28E4200C62204 /* ViewController.swift */ = {isa = PBXFileReference; lastKnownFileType = sourcecode.swift; path = ViewController.swift; sourceTree = "<group>"; };
		607752481BD28E4200C62204 /* Base */ = {isa = PBXFileReference; lastKnownFileType = file.storyboard; name = Base; path = Base.lproj/Main.storyboard; sourceTree = "<group>"; };
		6077524A1BD28E4300C62204 /* Assets.xcassets */ = {isa = PBXFileReference; lastKnownFileType = folder.assetcatalog; path = Assets.xcassets; sourceTree = "<group>"; };
		6077524F1BD28E4300C62204 /* Info.plist */ = {isa = PBXFileReference; lastKnownFileType = text.plist.xml; path = Info.plist; sourceTree = "<group>"; };
/* End PBXFileReference section */

/* Begin PBXFrameworksBuildPhase section */
		6077523D1BD28E4000C62204 /* Frameworks */ = {
			isa = PBXFrameworksBuildPhase;
			buildActionMask = 2147483647;
			files = (
			);
			runOnlyForDeploymentPostprocessing = 0;
		};
/* End PBXFrameworksBuildPhase section */

/* Begin PBXGroup section */
		60519DD21BDE57FF002A4942 /* suportFiles */ = {
			isa = PBXGroup;
			children = (
				6077524F1BD28E4300C62204 /* Info.plist */,
			);
			name = suportFiles;
			sourceTree = "<group>";
		};
		60519DD31BDE585C002A4942 /* controllers */ = {
			isa = PBXGroup;
			children = (
				607752431BD28E4200C62204 /* AppDelegate.swift */,
				607752451BD28E4200C62204 /* ViewController.swift */,
				60519DD61BDE5979002A4942 /* AboutViewController.swift */,
			);
			name = controllers;
			sourceTree = "<group>";
		};
		60519DD41BDE5893002A4942 /* resources */ = {
			isa = PBXGroup;
			children = (
				22D217311BEA088A009451A5 /* Default-568h@2x.png */,
				22D217321BEA088A009451A5 /* Default@2x.png */,
				22D2172F1BE9B31D009451A5 /* BullsEye.html */,
				6077524A1BD28E4300C62204 /* Assets.xcassets */,
			);
			name = resources;
			sourceTree = "<group>";
		};
		60519DD51BDE58AC002A4942 /* storyboards */ = {
			isa = PBXGroup;
			children = (
				607752471BD28E4200C62204 /* Main.storyboard */,
			);
			name = storyboards;
			sourceTree = "<group>";
		};
		607752371BD28E3F00C62204 = {
			isa = PBXGroup;
			children = (
				607752421BD28E4100C62204 /* BullsEye */,
				607752411BD28E4100C62204 /* Products */,
			);
			sourceTree = "<group>";
		};
		607752411BD28E4100C62204 /* Products */ = {
			isa = PBXGroup;
			children = (
				607752401BD28E4000C62204 /* BullsEye.app */,
			);
			name = Products;
			sourceTree = "<group>";
		};
		607752421BD28E4100C62204 /* BullsEye */ = {
			isa = PBXGroup;
			children = (
				60519DD31BDE585C002A4942 /* controllers */,
				60519DD51BDE58AC002A4942 /* storyboards */,
				60519DD41BDE5893002A4942 /* resources */,
				60519DD21BDE57FF002A4942 /* suportFiles */,
			);
			path = BullsEye;
			sourceTree = "<group>";
		};
/* End PBXGroup section */

/* Begin PBXNativeTarget section */
		6077523F1BD28E4000C62204 /* BullsEye */ = {
			isa = PBXNativeTarget;
			buildConfigurationList = 607752521BD28E4300C62204 /* Build configuration list for PBXNativeTarget "BullsEye" */;
			buildPhases = (
				6077523C1BD28E4000C62204 /* Sources */,
				6077523D1BD28E4000C62204 /* Frameworks */,
				6077523E1BD28E4000C62204 /* Resources */,
			);
			buildRules = (
			);
			dependencies = (
			);
			name = BullsEye;
			productName = BullsEye;
			productReference = 607752401BD28E4000C62204 /* BullsEye.app */;
			productType = "com.apple.product-type.application";
		};
/* End PBXNativeTarget section */

/* Begin PBXProject section */
		607752381BD28E4000C62204 /* Project object */ = {
			isa = PBXProject;
			attributes = {
				LastUpgradeCheck = 0700;
				ORGANIZATIONNAME = Issaccz;
				TargetAttributes = {
					6077523F1BD28E4000C62204 = {
						CreatedOnToolsVersion = 7.0.1;
						DevelopmentTeam = WDSX8932KE;
					};
				};
			};
			buildConfigurationList = 6077523B1BD28E4000C62204 /* Build configuration list for PBXProject "BullsEye" */;
			compatibilityVersion = "Xcode 3.2";
			developmentRegion = English;
			hasScannedForEncodings = 0;
			knownRegions = (
				en,
				Base,
			);
			mainGroup = 607752371BD28E3F00C62204;
			productRefGroup = 607752411BD28E4100C62204 /* Products */;
			projectDirPath = "";
			projectRoot = "";
			targets = (
				6077523F1BD28E4000C62204 /* BullsEye */,
			);
		};
/* End PBXProject section */

/* Begin PBXResourcesBuildPhase section */
		6077523E1BD28E4000C62204 /* Resources */ = {
			isa = PBXResourcesBuildPhase;
			buildActionMask = 2147483647;
			files = (
				22D217301BE9B31D009451A5 /* BullsEye.html in Resources */,
				22D217331BEA088A009451A5 /* Default-568h@2x.png in Resources */,
				22D217341BEA088A009451A5 /* Default@2x.png in Resources */,
				6077524B1BD28E4300C62204 /* Assets.xcassets in Resources */,
				607752491BD28E4200C62204 /* Main.storyboard in Resources */,
			);
			runOnlyForDeploymentPostprocessing = 0;
		};
/* End PBXResourcesBuildPhase section */

/* Begin PBXSourcesBuildPhase section */
		6077523C1BD28E4000C62204 /* Sources */ = {
			isa = PBXSourcesBuildPhase;
			buildActionMask = 2147483647;
			files = (
				60519DD71BDE5979002A4942 /* AboutViewController.swift in Sources */,
				607752461BD28E4200C62204 /* ViewController.swift in Sources */,
				607752441BD28E4200C62204 /* AppDelegate.swift in Sources */,
			);
			runOnlyForDeploymentPostprocessing = 0;
		};
/* End PBXSourcesBuildPhase section */

/* Begin PBXVariantGroup section */
		607752471BD28E4200C62204 /* Main.storyboard */ = {
			isa = PBXVariantGroup;
			children = (
				607752481BD28E4200C62204 /* Base */,
			);
			name = Main.storyboard;
			sourceTree = "<group>";
		};
/* End PBXVariantGroup section */

/* Begin XCBuildConfiguration section */
		607752501BD28E4300C62204 /* Debug */ = {
			isa = XCBuildConfiguration;
			buildSettings = {
				ALWAYS_SEARCH_USER_PATHS = NO;
				CLANG_CXX_LANGUAGE_STANDARD = "gnu++0x";
				CLANG_CXX_LIBRARY = "libc++";
				CLANG_ENABLE_MODULES = YES;
				CLANG_ENABLE_OBJC_ARC = YES;
				CLANG_WARN_BOOL_CONVERSION = YES;
				CLANG_WARN_CONSTANT_CONVERSION = YES;
				CLANG_WARN_DIRECT_OBJC_ISA_USAGE = YES_ERROR;
				CLANG_WARN_EMPTY_BODY = YES;
				CLANG_WARN_ENUM_CONVERSION = YES;
				CLANG_WARN_INT_CONVERSION = YES;
				CLANG_WARN_OBJC_ROOT_CLASS = YES_ERROR;
				CLANG_WARN_UNREACHABLE_CODE = YES;
				CLANG_WARN__DUPLICATE_METHOD_MATCH = YES;
				"CODE_SIGN_IDENTITY[sdk=iphoneos*]" = "iPhone Developer";
				COPY_PHASE_STRIP = NO;
				DEBUG_INFORMATION_FORMAT = dwarf;
				ENABLE_STRICT_OBJC_MSGSEND = YES;
				ENABLE_TESTABILITY = YES;
				GCC_C_LANGUAGE_STANDARD = gnu99;
				GCC_DYNAMIC_NO_PIC = NO;
				GCC_NO_COMMON_BLOCKS = YES;
				GCC_OPTIMIZATION_LEVEL = 0;
				GCC_PREPROCESSOR_DEFINITIONS = (
					"DEBUG=1",
					"$(inherited)",
				);
				GCC_WARN_64_TO_32_BIT_CONVERSION = YES;
				GCC_WARN_ABOUT_RETURN_TYPE = YES_ERROR;
				GCC_WARN_UNDECLARED_SELECTOR = YES;
				GCC_WARN_UNINITIALIZED_AUTOS = YES_AGGRESSIVE;
				GCC_WARN_UNUSED_FUNCTION = YES;
				GCC_WARN_UNUSED_VARIABLE = YES;
				IPHONEOS_DEPLOYMENT_TARGET = 9.0;
				MTL_ENABLE_DEBUG_INFO = YES;
				ONLY_ACTIVE_ARCH = YES;
				SDKROOT = iphoneos;
				SWIFT_OPTIMIZATION_LEVEL = "-Onone";
			};
			name = Debug;
		};
		607752511BD28E4300C62204 /* Release */ = {
			isa = XCBuildConfiguration;
			buildSettings = {
				ALWAYS_SEARCH_USER_PATHS = NO;
				CLANG_CXX_LANGUAGE_STANDARD = "gnu++0x";
				CLANG_CXX_LIBRARY = "libc++";
				CLANG_ENABLE_MODULES = YES;
				CLANG_ENABLE_OBJC_ARC = YES;
				CLANG_WARN_BOOL_CONVERSION = YES;
				CLANG_WARN_CONSTANT_CONVERSION = YES;
				CLANG_WARN_DIRECT_OBJC_ISA_USAGE = YES_ERROR;
				CLANG_WARN_EMPTY_BODY = YES;
				CLANG_WARN_ENUM_CONVERSION = YES;
				CLANG_WARN_INT_CONVERSION = YES;
				CLANG_WARN_OBJC_ROOT_CLASS = YES_ERROR;
				CLANG_WARN_UNREACHABLE_CODE = YES;
				CLANG_WARN__DUPLICATE_METHOD_MATCH = YES;
				"CODE_SIGN_IDENTITY[sdk=iphoneos*]" = "iPhone Developer";
				COPY_PHASE_STRIP = NO;
				DEBUG_INFORMATION_FORMAT = "dwarf-with-dsym";
				ENABLE_NS_ASSERTIONS = NO;
				ENABLE_STRICT_OBJC_MSGSEND = YES;
				GCC_C_LANGUAGE_STANDARD = gnu99;
				GCC_NO_COMMON_BLOCKS = YES;
				GCC_WARN_64_TO_32_BIT_CONVERSION = YES;
				GCC_WARN_ABOUT_RETURN_TYPE = YES_ERROR;
				GCC_WARN_UNDECLARED_SELECTOR = YES;
				GCC_WARN_UNINITIALIZED_AUTOS = YES_AGGRESSIVE;
				GCC_WARN_UNUSED_FUNCTION = YES;
				GCC_WARN_UNUSED_VARIABLE = YES;
				IPHONEOS_DEPLOYMENT_TARGET = 9.0;
				MTL_ENABLE_DEBUG_INFO = NO;
				SDKROOT = iphoneos;
				VALIDATE_PRODUCT = YES;
			};
			name = Release;
		};
		607752531BD28E4300C62204 /* Debug */ = {
			isa = XCBuildConfiguration;
			buildSettings = {
				ASSETCATALOG_COMPILER_APPICON_NAME = AppIcon;
				CODE_SIGN_IDENTITY = "iPhone Developer";
				INFOPLIST_FILE = BullsEye/Info.plist;
				LD_RUNPATH_SEARCH_PATHS = "$(inherited) @executable_path/Frameworks";
				PRODUCT_BUNDLE_IDENTIFIER = iyundong.BullsEye;
				PRODUCT_NAME = "$(TARGET_NAME)";
				TARGETED_DEVICE_FAMILY = 1;
			};
			name = Debug;
		};
		607752541BD28E4300C62204 /* Release */ = {
			isa = XCBuildConfiguration;
			buildSettings = {
				ASSETCATALOG_COMPILER_APPICON_NAME = AppIcon;
				CODE_SIGN_IDENTITY = "iPhone Developer";
				INFOPLIST_FILE = BullsEye/Info.plist;
				LD_RUNPATH_SEARCH_PATHS = "$(inherited) @executable_path/Frameworks";
				PRODUCT_BUNDLE_IDENTIFIER = iyundong.BullsEye;
				PRODUCT_NAME = "$(TARGET_NAME)";
				TARGETED_DEVICE_FAMILY = 1;
			};
			name = Release;
		};
/* End XCBuildConfiguration section */

/* Begin XCConfigurationList section */
		6077523B1BD28E4000C62204 /* Build configuration list for PBXProject "BullsEye" */ = {
			isa = XCConfigurationList;
			buildConfigurations = (
				607752501BD28E4300C62204 /* Debug */,
				607752511BD28E4300C62204 /* Release */,
			);
			defaultConfigurationIsVisible = 0;
			defaultConfigurationName = Release;
		};
		607752521BD28E4300C62204 /* Build configuration list for PBXNativeTarget "BullsEye" */ = {
			isa = XCConfigurationList;
			buildConfigurations = (
				607752531BD28E4300C62204 /* Debug */,
				607752541BD28E4300C62204 /* Release */,
			);
			defaultConfigurationIsVisible = 0;
			defaultConfigurationName = Release;
		};
/* End XCConfigurationList section */
	};
	rootObject = 607752381BD28E4000C62204 /* Project object */;
}
